# This file was autogenerated by Stack.
# You should not edit this file by hand.
# For more information, please see the documentation at:
#   https://docs.haskellstack.org/en/stable/lock_files

packages:
- completed:
    name: ghc-tcplugins-extra
    version: 0.4.2
    git: https://github.com/clash-lang/ghc-tcplugins-extra
    pantry-tree:
      size: 4513
      sha256: f340fc28383d244b58c70a2ea1d2f1b0f0f6a4ccadf72a299f921ab8559d6f74
    commit: 20a6cc71b6fef6e92bca4eda0abdb776403ceb31
  original:
    git: https://github.com/clash-lang/ghc-tcplugins-extra
    commit: 20a6cc71b6fef6e92bca4eda0abdb776403ceb31
- completed:
    hackage: Cabal-3.6.2.0@sha256:e2266e14758c1f799220fad7f0d4b0b4ec567d81b7ba3faea17ff76d4c31de95,12437
    pantry-tree:
      size: 19757
      sha256: 6650e54cbbcda6d05c4d8b8094fa61e5ffbda15a798a354d2dad5b35dc3b2859
  original:
    hackage: Cabal-3.6.2.0@sha256:e2266e14758c1f799220fad7f0d4b0b4ec567d81b7ba3faea17ff76d4c31de95,12437
- completed:
    hackage: parsec-3.1.14.0@sha256:72d5c57e6e126adaa781ab97b19dc76f68490c0a3d88f14038219994cabe94e1,4356
    pantry-tree:
      size: 2574
      sha256: 495a86688c6e89faf38b8804cc4c9216709e9a6a93cf56c2f07d5bef83f09a17
  original:
    hackage: parsec-3.1.14.0@sha256:72d5c57e6e126adaa781ab97b19dc76f68490c0a3d88f14038219994cabe94e1,4356
- completed:
    hackage: text-1.2.5.0@sha256:791f0f6c97ed96113f17ab520cf0efe1a3a4f883a8c85910a5660567c8241c40,7895
    pantry-tree:
      size: 7395
      sha256: f41504ec5c04a3f3358ef104362f02fdef29cbce4e5e4e6dbd6b6db70c40d4bf
  original:
    hackage: text-1.2.5.0@sha256:791f0f6c97ed96113f17ab520cf0efe1a3a4f883a8c85910a5660567c8241c40,7895
snapshots:
- completed:
    size: 537868
    url: https://raw.githubusercontent.com/commercialhaskell/stackage-snapshots/master/lts/9/21.yaml
    sha256: 0a3be91c2bce851de4755003cfb1d85d62b6f90276231fcc305729c0c5c864a9
  original: lts-9.21
