# This file was autogenerated by Stack.
# You should not edit this file by hand.
# For more information, please see the documentation at:
#   https://docs.haskellstack.org/en/stable/lock_files

packages:
- completed:
    name: ghc-tcplugins-extra
    version: 0.4.2
    git: https://github.com/BlockScope/ghc-tcplugins-extra-undef
    pantry-tree:
      size: 4513
      sha256: a768ab7c063c340ec33387fa9edd249fbbdeca19cd80dc057ec75948967da7b3
    commit: 5c8fe7b5f02b6bc460beb4d2aab2372fbbef99a5
  original:
    git: https://github.com/BlockScope/ghc-tcplugins-extra-undef
    commit: 5c8fe7b5f02b6bc460beb4d2aab2372fbbef99a5
snapshots:
- completed:
    size: 509471
    url: https://raw.githubusercontent.com/commercialhaskell/stackage-snapshots/master/lts/12/26.yaml
    sha256: 95f014df58d0679b1c4a2b7bf2b652b61da8d30de5f571abb0d59015ef678646
  original: lts-12.26
